
Microsoft Visual Studio Solution File, Format Version 12.00
# Visual Studio 15
VisualStudioVersion = 15.0.27428.2027
MinimumVisualStudioVersion = 10.0.40219.1
Project("{FAE04EC0-301F-11D3-BF4B-00C04F79EFBC}") = "Bay View", "Bay View\Bay View.csproj", "{011AA0DF-6F48-4F2E-81A0-6C56D1D6B0AC}"
EndProject
Global
	GlobalSection(SolutionConfigurationPlatforms) = preSolution
		Debug|Any CPU = Debug|Any CPU
		Release|Any CPU = Release|Any CPU
	EndGlobalSection
	GlobalSection(ProjectConfigurationPlatforms) = postSolution
		{011AA0DF-6F48-4F2E-81A0-6C56D1D6B0AC}.Debug|Any CPU.ActiveCfg = Debug|Any CPU
		{011AA0DF-6F48-4F2E-81A0-6C56D1D6B0AC}.Debug|Any CPU.Build.0 = Debug|Any CPU
		{011AA0DF-6F48-4F2E-81A0-6C56D1D6B0AC}.Release|Any CPU.ActiveCfg = Release|Any CPU
		{011AA0DF-6F48-4F2E-81A0-6C56D1D6B0AC}.Release|Any CPU.Build.0 = Release|Any CPU
	EndGlobalSection
	GlobalSection(SolutionProperties) = preSolution
		HideSolutionNode = FALSE
	EndGlobalSection
	GlobalSection(ExtensibilityGlobals) = postSolution
		SolutionGuid = {26C46D04-6C49-46EC-8B9E-C862D37D1E73}
	EndGlobalSection
EndGlobal
